
Microsoft Visual Studio Solution File, Format Version 12.00
# Visual Studio 15
VisualStudioVersion = 15.0.28010.2041
MinimumVisualStudioVersion = 10.0.40219.1
Project("{9A19103F-16F7-4668-BE54-9A1E7A4F7556}") = "CompanyOrganization.Console", "CompanyOrganization.Console\CompanyOrganization.Console.csproj", "{EDFAEA4D-AA6E-4ACC-9967-F9FB711EC178}"
EndProject
Project("{9A19103F-16F7-4668-BE54-9A1E7A4F7556}") = "CompanyOrganization.Test", "CompanyOrganization.Test\CompanyOrganization.Test.csproj", "{BF26A365-1816-484F-A93D-4FAFF008B4D5}"
EndProject
Project("{9A19103F-16F7-4668-BE54-9A1E7A4F7556}") = "CompanyOrganization", "CompanyOrganization\CompanyOrganization.csproj", "{9F8BFE1A-A9B8-4265-835F-FA973BD98409}"
EndProject
Global
	GlobalSection(SolutionConfigurationPlatforms) = preSolution
		Debug|Any CPU = Debug|Any CPU
		Release|Any CPU = Release|Any CPU
	EndGlobalSection
	GlobalSection(ProjectConfigurationPlatforms) = postSolution
		{EDFAEA4D-AA6E-4ACC-9967-F9FB711EC178}.Debug|Any CPU.ActiveCfg = Debug|Any CPU
		{EDFAEA4D-AA6E-4ACC-9967-F9FB711EC178}.Debug|Any CPU.Build.0 = Debug|Any CPU
		{EDFAEA4D-AA6E-4ACC-9967-F9FB711EC178}.Release|Any CPU.ActiveCfg = Release|Any CPU
		{EDFAEA4D-AA6E-4ACC-9967-F9FB711EC178}.Release|Any CPU.Build.0 = Release|Any CPU
		{BF26A365-1816-484F-A93D-4FAFF008B4D5}.Debug|Any CPU.ActiveCfg = Debug|Any CPU
		{BF26A365-1816-484F-A93D-4FAFF008B4D5}.Debug|Any CPU.Build.0 = Debug|Any CPU
		{BF26A365-1816-484F-A93D-4FAFF008B4D5}.Release|Any CPU.ActiveCfg = Release|Any CPU
		{BF26A365-1816-484F-A93D-4FAFF008B4D5}.Release|Any CPU.Build.0 = Release|Any CPU
		{9F8BFE1A-A9B8-4265-835F-FA973BD98409}.Debug|Any CPU.ActiveCfg = Debug|Any CPU
		{9F8BFE1A-A9B8-4265-835F-FA973BD98409}.Debug|Any CPU.Build.0 = Debug|Any CPU
		{9F8BFE1A-A9B8-4265-835F-FA973BD98409}.Release|Any CPU.ActiveCfg = Release|Any CPU
		{9F8BFE1A-A9B8-4265-835F-FA973BD98409}.Release|Any CPU.Build.0 = Release|Any CPU
	EndGlobalSection
	GlobalSection(SolutionProperties) = preSolution
		HideSolutionNode = FALSE
	EndGlobalSection
	GlobalSection(ExtensibilityGlobals) = postSolution
		SolutionGuid = {F0F513EF-8AC6-4E08-9934-927ED775B40D}
	EndGlobalSection
EndGlobal
